
Microsoft Visual Studio Solution File, Format Version 12.00
# Visual Studio Version 17
VisualStudioVersion = 17.2.32526.322
MinimumVisualStudioVersion = 10.0.40219.1
Project("{FAE04EC0-301F-11D3-BF4B-00C04F79EFBC}") = "DatosLP", "DatosLP\DatosLP.csproj", "{FD91A1E0-89A1-48AE-B4D0-0D5E4114A669}"
EndProject
Global
	GlobalSection(SolutionConfigurationPlatforms) = preSolution
		Debug|Any CPU = Debug|Any CPU
		Release|Any CPU = Release|Any CPU
	EndGlobalSection
	GlobalSection(ProjectConfigurationPlatforms) = postSolution
		{FD91A1E0-89A1-48AE-B4D0-0D5E4114A669}.Debug|Any CPU.ActiveCfg = Debug|Any CPU
		{FD91A1E0-89A1-48AE-B4D0-0D5E4114A669}.Debug|Any CPU.Build.0 = Debug|Any CPU
		{FD91A1E0-89A1-48AE-B4D0-0D5E4114A669}.Release|Any CPU.ActiveCfg = Release|Any CPU
		{FD91A1E0-89A1-48AE-B4D0-0D5E4114A669}.Release|Any CPU.Build.0 = Release|Any CPU
	EndGlobalSection
	GlobalSection(SolutionProperties) = preSolution
		HideSolutionNode = FALSE
	EndGlobalSection
	GlobalSection(ExtensibilityGlobals) = postSolution
		SolutionGuid = {45F945EE-E8FD-4F85-822E-2BBDCA772C55}
	EndGlobalSection
EndGlobal
